
Microsoft Visual Studio Solution File, Format Version 12.00
# Visual Studio Version 17
VisualStudioVersion = 17.1.32319.34
MinimumVisualStudioVersion = 10.0.40219.1
Project("{2150E333-8FDC-42A3-9474-1A3956D46DE8}") = "Core", "Core", "{D4558653-4A48-40A7-825D-277F0D9005C9}"
EndProject
Project("{2150E333-8FDC-42A3-9474-1A3956D46DE8}") = "Application", "Application", "{D47EFF63-5C4F-4D67-BC86-B5E8794372E2}"
EndProject
Project("{2150E333-8FDC-42A3-9474-1A3956D46DE8}") = "Domain", "Domain", "{DBCC1C13-F052-407C-9A39-369ADA751406}"
EndProject
Project("{2150E333-8FDC-42A3-9474-1A3956D46DE8}") = "CrossCutting", "CrossCutting", "{20FC6027-FAE6-483A-B956-AF3FA42B2B1A}"
EndProject
Project("{2150E333-8FDC-42A3-9474-1A3956D46DE8}") = "Infraestructure", "Infraestructure", "{F114323D-E29D-4D03-AC14-42B35175D2EA}"
EndProject
Project("{2150E333-8FDC-42A3-9474-1A3956D46DE8}") = "Persistence", "Persistence", "{495CA536-0E26-4D52-9CC1-3091F8333FEB}"
EndProject
Project("{9A19103F-16F7-4668-BE54-9A1E7A4F7556}") = "Back.Ctac.Application", "Application\Application\Back.Ctac.Application.csproj", "{087584FC-E3E8-4D46-B74B-933CE043B501}"
EndProject
Project("{9A19103F-16F7-4668-BE54-9A1E7A4F7556}") = "Back.Ctac.IApplication", "Application\Contract\Back.Ctac.IApplication.csproj", "{1C04E0A6-BF91-46B0-B214-28B8C3FDB630}"
EndProject
Project("{9A19103F-16F7-4668-BE54-9A1E7A4F7556}") = "Back.Ctac.Domain", "Domain\Domain\Back.Ctac.Domain.csproj", "{0F6BECD3-50B2-4652-AEC0-F4267BB09558}"
EndProject
Project("{9A19103F-16F7-4668-BE54-9A1E7A4F7556}") = "Back.Ctac.Command", "Domain\Command\Back.Ctac.Command.csproj", "{47CF644F-0EC6-4BBE-BF1A-016A460F5B69}"
EndProject
Project("{9A19103F-16F7-4668-BE54-9A1E7A4F7556}") = "Back.Ctac.Query", "Domain\Query\Back.Ctac.Query.csproj", "{4020352A-20EF-4084-8446-BF98AB97C9BE}"
EndProject
Project("{9A19103F-16F7-4668-BE54-9A1E7A4F7556}") = "Back.Ctac.Dto", "CrossCutting\Dto\Back.Ctac.Dto.csproj", "{7233AC60-626C-4CED-AEF2-DCA61D7FF44E}"
EndProject
Project("{9A19103F-16F7-4668-BE54-9A1E7A4F7556}") = "Back.Ctac.Map", "CrossCutting\Map\Back.Ctac.Map.csproj", "{A84AAC0E-A5F2-442F-8C43-D935B66630F1}"
EndProject
Project("{9A19103F-16F7-4668-BE54-9A1E7A4F7556}") = "Back.Ctac.Transversal", "CrossCutting\Help\Back.Ctac.Transversal.csproj", "{24C74A8D-F63C-405F-86AB-7CB96A99F803}"
EndProject
Project("{9A19103F-16F7-4668-BE54-9A1E7A4F7556}") = "Back.Ctac.Data", "Persistence\Sql\Back.Ctac.Data.csproj", "{DB8F7E2C-91C3-41D5-9445-CDFC029AE07D}"
EndProject
Project("{2150E333-8FDC-42A3-9474-1A3956D46DE8}") = "Api", "Api", "{6D9CFA2D-5794-477B-925F-CB7204C7674E}"
EndProject
Project("{2150E333-8FDC-42A3-9474-1A3956D46DE8}") = "RestFul", "RestFul", "{38424D64-8B5B-4FF8-872A-1D8798511519}"
EndProject
Project("{9A19103F-16F7-4668-BE54-9A1E7A4F7556}") = "Back.Ctac.Rest.Service", "Infraestructure\Rest.Service\Back.Ctac.Rest.Service.csproj", "{1F49B1F9-1FA3-4A14-AE88-3B30B458DAC7}"
EndProject
Project("{9A19103F-16F7-4668-BE54-9A1E7A4F7556}") = "Back.Ctac.Rest.Service.Proxy", "Infraestructure\Rest.Service.Proxy\Back.Ctac.Rest.Service.Proxy.csproj", "{A6D89C38-3EE4-4F21-86A0-AA20694C54CC}"
EndProject
Project("{2150E333-8FDC-42A3-9474-1A3956D46DE8}") = "Soa", "Soa", "{364DB5F3-9FDA-46E6-8BC9-0ECC79E17C56}"
EndProject
Project("{9A19103F-16F7-4668-BE54-9A1E7A4F7556}") = "Back.Ctac.Soa.ServiceContracts", "Infraestructure\Soa.ServiceContracts\Back.Ctac.Soa.ServiceContracts.csproj", "{D3111AFD-6E04-4B84-B0E6-A231CB0E11D5}"
EndProject
Project("{9A19103F-16F7-4668-BE54-9A1E7A4F7556}") = "Back.Ctac.Soa.Service", "Infraestructure\Soa.Service\Back.Ctac.Soa.Service.csproj", "{954B3B6E-12F0-48C3-BF89-4E3498F51D6F}"
EndProject
Project("{2150E333-8FDC-42A3-9474-1A3956D46DE8}") = "Test", "Test", "{D284230B-0391-4820-AFAD-23654453D9AD}"
EndProject
Project("{9A19103F-16F7-4668-BE54-9A1E7A4F7556}") = "Back.Ctac.Api", "Api\Web\Back.Ctac.Api.csproj", "{C59C5B59-A922-4F10-9A47-CFC7EA833113}"
EndProject
Global
	GlobalSection(SolutionConfigurationPlatforms) = preSolution
		Debug|Any CPU = Debug|Any CPU
		Release|Any CPU = Release|Any CPU
	EndGlobalSection
	GlobalSection(ProjectConfigurationPlatforms) = postSolution
		{087584FC-E3E8-4D46-B74B-933CE043B501}.Debug|Any CPU.ActiveCfg = Debug|Any CPU
		{087584FC-E3E8-4D46-B74B-933CE043B501}.Debug|Any CPU.Build.0 = Debug|Any CPU
		{087584FC-E3E8-4D46-B74B-933CE043B501}.Release|Any CPU.ActiveCfg = Release|Any CPU
		{087584FC-E3E8-4D46-B74B-933CE043B501}.Release|Any CPU.Build.0 = Release|Any CPU
		{1C04E0A6-BF91-46B0-B214-28B8C3FDB630}.Debug|Any CPU.ActiveCfg = Debug|Any CPU
		{1C04E0A6-BF91-46B0-B214-28B8C3FDB630}.Debug|Any CPU.Build.0 = Debug|Any CPU
		{1C04E0A6-BF91-46B0-B214-28B8C3FDB630}.Release|Any CPU.ActiveCfg = Release|Any CPU
		{1C04E0A6-BF91-46B0-B214-28B8C3FDB630}.Release|Any CPU.Build.0 = Release|Any CPU
		{0F6BECD3-50B2-4652-AEC0-F4267BB09558}.Debug|Any CPU.ActiveCfg = Debug|Any CPU
		{0F6BECD3-50B2-4652-AEC0-F4267BB09558}.Debug|Any CPU.Build.0 = Debug|Any CPU
		{0F6BECD3-50B2-4652-AEC0-F4267BB09558}.Release|Any CPU.ActiveCfg = Release|Any CPU
		{0F6BECD3-50B2-4652-AEC0-F4267BB09558}.Release|Any CPU.Build.0 = Release|Any CPU
		{47CF644F-0EC6-4BBE-BF1A-016A460F5B69}.Debug|Any CPU.ActiveCfg = Debug|Any CPU
		{47CF644F-0EC6-4BBE-BF1A-016A460F5B69}.Debug|Any CPU.Build.0 = Debug|Any CPU
		{47CF644F-0EC6-4BBE-BF1A-016A460F5B69}.Release|Any CPU.ActiveCfg = Release|Any CPU
		{47CF644F-0EC6-4BBE-BF1A-016A460F5B69}.Release|Any CPU.Build.0 = Release|Any CPU
		{4020352A-20EF-4084-8446-BF98AB97C9BE}.Debug|Any CPU.ActiveCfg = Debug|Any CPU
		{4020352A-20EF-4084-8446-BF98AB97C9BE}.Debug|Any CPU.Build.0 = Debug|Any CPU
		{4020352A-20EF-4084-8446-BF98AB97C9BE}.Release|Any CPU.ActiveCfg = Release|Any CPU
		{4020352A-20EF-4084-8446-BF98AB97C9BE}.Release|Any CPU.Build.0 = Release|Any CPU
		{7233AC60-626C-4CED-AEF2-DCA61D7FF44E}.Debug|Any CPU.ActiveCfg = Debug|Any CPU
		{7233AC60-626C-4CED-AEF2-DCA61D7FF44E}.Debug|Any CPU.Build.0 = Debug|Any CPU
		{7233AC60-626C-4CED-AEF2-DCA61D7FF44E}.Release|Any CPU.ActiveCfg = Release|Any CPU
		{7233AC60-626C-4CED-AEF2-DCA61D7FF44E}.Release|Any CPU.Build.0 = Release|Any CPU
		{A84AAC0E-A5F2-442F-8C43-D935B66630F1}.Debug|Any CPU.ActiveCfg = Debug|Any CPU
		{A84AAC0E-A5F2-442F-8C43-D935B66630F1}.Debug|Any CPU.Build.0 = Debug|Any CPU
		{A84AAC0E-A5F2-442F-8C43-D935B66630F1}.Release|Any CPU.ActiveCfg = Release|Any CPU
		{A84AAC0E-A5F2-442F-8C43-D935B66630F1}.Release|Any CPU.Build.0 = Release|Any CPU
		{24C74A8D-F63C-405F-86AB-7CB96A99F803}.Debug|Any CPU.ActiveCfg = Debug|Any CPU
		{24C74A8D-F63C-405F-86AB-7CB96A99F803}.Debug|Any CPU.Build.0 = Debug|Any CPU
		{24C74A8D-F63C-405F-86AB-7CB96A99F803}.Release|Any CPU.ActiveCfg = Release|Any CPU
		{24C74A8D-F63C-405F-86AB-7CB96A99F803}.Release|Any CPU.Build.0 = Release|Any CPU
		{DB8F7E2C-91C3-41D5-9445-CDFC029AE07D}.Debug|Any CPU.ActiveCfg = Debug|Any CPU
		{DB8F7E2C-91C3-41D5-9445-CDFC029AE07D}.Debug|Any CPU.Build.0 = Debug|Any CPU
		{DB8F7E2C-91C3-41D5-9445-CDFC029AE07D}.Release|Any CPU.ActiveCfg = Release|Any CPU
		{DB8F7E2C-91C3-41D5-9445-CDFC029AE07D}.Release|Any CPU.Build.0 = Release|Any CPU
		{1F49B1F9-1FA3-4A14-AE88-3B30B458DAC7}.Debug|Any CPU.ActiveCfg = Debug|Any CPU
		{1F49B1F9-1FA3-4A14-AE88-3B30B458DAC7}.Debug|Any CPU.Build.0 = Debug|Any CPU
		{1F49B1F9-1FA3-4A14-AE88-3B30B458DAC7}.Release|Any CPU.ActiveCfg = Release|Any CPU
		{1F49B1F9-1FA3-4A14-AE88-3B30B458DAC7}.Release|Any CPU.Build.0 = Release|Any CPU
		{A6D89C38-3EE4-4F21-86A0-AA20694C54CC}.Debug|Any CPU.ActiveCfg = Debug|Any CPU
		{A6D89C38-3EE4-4F21-86A0-AA20694C54CC}.Debug|Any CPU.Build.0 = Debug|Any CPU
		{A6D89C38-3EE4-4F21-86A0-AA20694C54CC}.Release|Any CPU.ActiveCfg = Release|Any CPU
		{A6D89C38-3EE4-4F21-86A0-AA20694C54CC}.Release|Any CPU.Build.0 = Release|Any CPU
		{D3111AFD-6E04-4B84-B0E6-A231CB0E11D5}.Debug|Any CPU.ActiveCfg = Debug|Any CPU
		{D3111AFD-6E04-4B84-B0E6-A231CB0E11D5}.Debug|Any CPU.Build.0 = Debug|Any CPU
		{D3111AFD-6E04-4B84-B0E6-A231CB0E11D5}.Release|Any CPU.ActiveCfg = Release|Any CPU
		{D3111AFD-6E04-4B84-B0E6-A231CB0E11D5}.Release|Any CPU.Build.0 = Release|Any CPU
		{954B3B6E-12F0-48C3-BF89-4E3498F51D6F}.Debug|Any CPU.ActiveCfg = Debug|Any CPU
		{954B3B6E-12F0-48C3-BF89-4E3498F51D6F}.Debug|Any CPU.Build.0 = Debug|Any CPU
		{954B3B6E-12F0-48C3-BF89-4E3498F51D6F}.Release|Any CPU.ActiveCfg = Release|Any CPU
		{954B3B6E-12F0-48C3-BF89-4E3498F51D6F}.Release|Any CPU.Build.0 = Release|Any CPU
		{C59C5B59-A922-4F10-9A47-CFC7EA833113}.Debug|Any CPU.ActiveCfg = Debug|Any CPU
		{C59C5B59-A922-4F10-9A47-CFC7EA833113}.Debug|Any CPU.Build.0 = Debug|Any CPU
		{C59C5B59-A922-4F10-9A47-CFC7EA833113}.Release|Any CPU.ActiveCfg = Release|Any CPU
		{C59C5B59-A922-4F10-9A47-CFC7EA833113}.Release|Any CPU.Build.0 = Release|Any CPU
	EndGlobalSection
	GlobalSection(SolutionProperties) = preSolution
		HideSolutionNode = FALSE
	EndGlobalSection
	GlobalSection(NestedProjects) = preSolution
		{D47EFF63-5C4F-4D67-BC86-B5E8794372E2} = {D4558653-4A48-40A7-825D-277F0D9005C9}
		{DBCC1C13-F052-407C-9A39-369ADA751406} = {D4558653-4A48-40A7-825D-277F0D9005C9}
		{495CA536-0E26-4D52-9CC1-3091F8333FEB} = {F114323D-E29D-4D03-AC14-42B35175D2EA}
		{087584FC-E3E8-4D46-B74B-933CE043B501} = {D47EFF63-5C4F-4D67-BC86-B5E8794372E2}
		{1C04E0A6-BF91-46B0-B214-28B8C3FDB630} = {D47EFF63-5C4F-4D67-BC86-B5E8794372E2}
		{0F6BECD3-50B2-4652-AEC0-F4267BB09558} = {DBCC1C13-F052-407C-9A39-369ADA751406}
		{47CF644F-0EC6-4BBE-BF1A-016A460F5B69} = {DBCC1C13-F052-407C-9A39-369ADA751406}
		{4020352A-20EF-4084-8446-BF98AB97C9BE} = {DBCC1C13-F052-407C-9A39-369ADA751406}
		{7233AC60-626C-4CED-AEF2-DCA61D7FF44E} = {20FC6027-FAE6-483A-B956-AF3FA42B2B1A}
		{A84AAC0E-A5F2-442F-8C43-D935B66630F1} = {20FC6027-FAE6-483A-B956-AF3FA42B2B1A}
		{24C74A8D-F63C-405F-86AB-7CB96A99F803} = {20FC6027-FAE6-483A-B956-AF3FA42B2B1A}
		{DB8F7E2C-91C3-41D5-9445-CDFC029AE07D} = {495CA536-0E26-4D52-9CC1-3091F8333FEB}
		{6D9CFA2D-5794-477B-925F-CB7204C7674E} = {F114323D-E29D-4D03-AC14-42B35175D2EA}
		{38424D64-8B5B-4FF8-872A-1D8798511519} = {6D9CFA2D-5794-477B-925F-CB7204C7674E}
		{1F49B1F9-1FA3-4A14-AE88-3B30B458DAC7} = {38424D64-8B5B-4FF8-872A-1D8798511519}
		{A6D89C38-3EE4-4F21-86A0-AA20694C54CC} = {38424D64-8B5B-4FF8-872A-1D8798511519}
		{364DB5F3-9FDA-46E6-8BC9-0ECC79E17C56} = {6D9CFA2D-5794-477B-925F-CB7204C7674E}
		{D3111AFD-6E04-4B84-B0E6-A231CB0E11D5} = {364DB5F3-9FDA-46E6-8BC9-0ECC79E17C56}
		{954B3B6E-12F0-48C3-BF89-4E3498F51D6F} = {364DB5F3-9FDA-46E6-8BC9-0ECC79E17C56}
	EndGlobalSection
	GlobalSection(ExtensibilityGlobals) = postSolution
		SolutionGuid = {50A246DD-8B2A-43ED-B0D8-A14AEB1FE010}
	EndGlobalSection
EndGlobal
